#MicroXplorer Configuration settings - do not modify
File.Version=6
I2S3.ErrorAudioFreq=-2.34 %
I2S3.FullDuplexMode=I2S_FULLDUPLEXMODE_ENABLE
I2S3.IPParameters=FullDuplexMode,RealAudioFreq,ErrorAudioFreq
I2S3.RealAudioFreq=187.5 KHz
KeepUserPlacement=false
Mcu.Family=STM32F4
Mcu.IP0=I2S3
Mcu.IP1=NVIC
Mcu.IP2=RCC
Mcu.IP3=SPI1
Mcu.IP4=SYS
Mcu.IPNb=5
Mcu.Name=STM32F417V(E-G)Tx
Mcu.Package=LQFP100
Mcu.Pin0=PC14-OSC32_IN
Mcu.Pin1=PC15-OSC32_OUT
Mcu.Pin10=PA3
Mcu.Pin11=PA4
Mcu.Pin12=PA5
Mcu.Pin13=PA6
Mcu.Pin14=PA7
Mcu.Pin15=PC4
Mcu.Pin16=PC5
Mcu.Pin17=PB10
Mcu.Pin18=PB11
Mcu.Pin19=PB12
Mcu.Pin2=PH0-OSC_IN
Mcu.Pin20=PB13
Mcu.Pin21=PB14
Mcu.Pin22=PB15
Mcu.Pin23=PC6
Mcu.Pin24=PC7
Mcu.Pin25=PC8
Mcu.Pin26=PC9
Mcu.Pin27=PA8
Mcu.Pin28=PA9
Mcu.Pin29=PA10
Mcu.Pin3=PH1-OSC_OUT
Mcu.Pin30=PA11
Mcu.Pin31=PA12
Mcu.Pin32=PA13
Mcu.Pin33=PA14
Mcu.Pin34=PA15
Mcu.Pin35=PC10
Mcu.Pin36=PC11
Mcu.Pin37=PC12
Mcu.Pin38=PB3
Mcu.Pin39=PB4
Mcu.Pin4=PC0
Mcu.Pin40=PB5
Mcu.Pin41=PB6
Mcu.Pin42=PB8
Mcu.Pin43=PB9
Mcu.Pin44=VP_SYS_VS_Systick
Mcu.Pin5=PC1
Mcu.Pin6=PC2
Mcu.Pin7=PC3
Mcu.Pin8=PA1
Mcu.Pin9=PA2
Mcu.PinsNb=45
Mcu.UserConstants=
Mcu.UserName=STM32F417VETx
MxCube.Version=4.16.0
MxDb.Version=DB.4.0.160
NVIC.BusFault_IRQn=true\:0\:0\:false\:false\:true
NVIC.DebugMonitor_IRQn=true\:0\:0\:false\:false\:true
NVIC.HardFault_IRQn=true\:0\:0\:false\:false\:true
NVIC.MemoryManagement_IRQn=true\:0\:0\:false\:false\:true
NVIC.NonMaskableInt_IRQn=true\:0\:0\:false\:false\:true
NVIC.PendSV_IRQn=true\:0\:0\:false\:false\:true
NVIC.PriorityGroup=NVIC_PRIORITYGROUP_4
NVIC.SVCall_IRQn=true\:0\:0\:false\:false\:true
NVIC.SysTick_IRQn=true\:0\:0\:false\:false\:true
NVIC.UsageFault_IRQn=true\:0\:0\:false\:false\:true
PA1.GPIOParameters=GPIO_Label
PA1.GPIO_Label=WIFI_EN
PA1.Locked=true
PA1.Signal=GPIO_Output
PA10.Locked=true
PA10.Signal=USART1_RX
PA11.Locked=true
PA11.Signal=USB_OTG_FS_DM
PA12.Locked=true
PA12.Signal=USB_OTG_FS_DP
PA13.Locked=true
PA13.Mode=Serial_Wire
PA13.Signal=SYS_JTMS-SWDIO
PA14.Locked=true
PA14.Mode=Serial_Wire
PA14.Signal=SYS_JTCK-SWCLK
PA15.Mode=Full_Duplex_Master
PA15.Signal=I2S3_WS
PA2.Locked=true
PA2.Signal=USART2_TX
PA3.Locked=true
PA3.Signal=USART2_RX
PA4.GPIOParameters=GPIO_Label
PA4.GPIO_Label=D7528_EN
PA4.Locked=true
PA4.Signal=GPIO_Output
PA5.GPIOParameters=GPIO_Label
PA5.GPIO_Label=D7528_A
PA5.Locked=true
PA5.Signal=GPIO_Output
PA6.GPIOParameters=GPIO_Label
PA6.GPIO_Label=D7528_B
PA6.Locked=true
PA6.Signal=GPIO_Output
PA7.GPIOParameters=GPIO_Label
PA7.GPIO_Label=D7528_C
PA7.Locked=true
PA7.Signal=GPIO_Output
PA8.GPIOParameters=GPIO_Label
PA8.GPIO_Label=USB_EN
PA8.Locked=true
PA8.Signal=GPIO_Output
PA9.Locked=true
PA9.Signal=USART1_TX
PB10.Locked=true
PB10.Signal=I2C2_SCL
PB11.Locked=true
PB11.Signal=I2C2_SDA
PB12.GPIOParameters=GPIO_Label
PB12.GPIO_Label=KEY1
PB12.Locked=true
PB12.Signal=GPIO_Input
PB13.GPIOParameters=GPIO_Label
PB13.GPIO_Label=KEY2
PB13.Locked=true
PB13.Signal=GPIO_Input
PB14.GPIOParameters=GPIO_Label
PB14.GPIO_Label=KEY3
PB14.Locked=true
PB14.Signal=GPIO_Input
PB15.GPIOParameters=GPIO_Label
PB15.GPIO_Label=KEY4
PB15.Locked=true
PB15.Signal=GPIO_Input
PB3.Mode=Full_Duplex_Master
PB3.Signal=SPI1_SCK
PB4.Mode=Full_Duplex_Master
PB4.Signal=SPI1_MISO
PB5.Mode=Full_Duplex_Master
PB5.Signal=SPI1_MOSI
PB6.GPIOParameters=GPIO_Label
PB6.GPIO_Label=device_cs
PB6.Locked=true
PB6.Signal=GPIO_Output
PB8.Locked=true
PB8.Signal=I2C1_SCL
PB9.Locked=true
PB9.Signal=I2C1_SDA
PC0.GPIOParameters=GPIO_Label
PC0.GPIO_Label=URA_SDO
PC0.Locked=true
PC0.Signal=GPIO_Output
PC1.GPIOParameters=GPIO_Label
PC1.GPIO_Label=UGA_SDO
PC1.Locked=true
PC1.Signal=GPIO_Output
PC10.Mode=Full_Duplex_Master
PC10.Signal=I2S3_CK
PC11.Mode=Full_Duplex_Master
PC11.Signal=I2S3_ext_SD
PC12.Mode=Full_Duplex_Master
PC12.Signal=I2S3_SD
PC14-OSC32_IN.Locked=true
PC14-OSC32_IN.Signal=RCC_OSC32_IN
PC15-OSC32_OUT.Locked=true
PC15-OSC32_OUT.Signal=RCC_OSC32_OUT
PC2.GPIOParameters=GPIO_Label
PC2.GPIO_Label=UBA_SDO
PC2.Locked=true
PC2.Signal=GPIO_Output
PC3.GPIOParameters=GPIO_Label
PC3.GPIO_Label=URB_SDO
PC3.Locked=true
PC3.Signal=GPIO_Output
PC4.GPIOParameters=GPIO_Label
PC4.GPIO_Label=UGB_SDO
PC4.Locked=true
PC4.Signal=GPIO_Output
PC5.GPIOParameters=GPIO_Label
PC5.GPIO_Label=UBB_SDO
PC5.Locked=true
PC5.Signal=GPIO_Output
PC6.GPIOParameters=GPIO_Label
PC6.GPIO_Label=MBI5052_DCLK
PC6.Locked=true
PC6.Signal=GPIO_Output
PC7.GPIOParameters=GPIO_Label
PC7.GPIO_Label=MBI5052_LE
PC7.Locked=true
PC7.Signal=GPIO_Output
PC8.GPIOParameters=GPIO_Label
PC8.GPIO_Label=MBI5052_OE
PC8.Locked=true
PC8.Signal=GPIO_Output
PC9.GPIOParameters=GPIO_Label
PC9.GPIO_Label=MBI5052_GCLK
PC9.Locked=true
PC9.Signal=GPIO_Output
PCC.Checker=false
PCC.Line=STM32F407/417
PCC.MCU=STM32F417V(E-G)Tx
PCC.MXVersion=4.16.0
PCC.PartNumber=STM32F417VETx
PCC.Seq0=0
PCC.Series=STM32F4
PCC.Temperature=25
PCC.Vdd=3.3
PH0-OSC_IN.Locked=true
PH0-OSC_IN.Signal=RCC_OSC_IN
PH1-OSC_OUT.Locked=true
PH1-OSC_OUT.Signal=RCC_OSC_OUT
RCC.AHBFreq_Value=16000000
RCC.APB1Freq_Value=16000000
RCC.APB2Freq_Value=16000000
RCC.CortexFreq_Value=16000000
RCC.FamilyName=M
RCC.HSE_VALUE=25000000
RCC.HSI_VALUE=16000000
RCC.I2SClocksFreq_Value=96000000
RCC.IPParameters=AHBFreq_Value,APB1Freq_Value,APB2Freq_Value,CortexFreq_Value,FamilyName,HSE_VALUE,HSI_VALUE,I2SClocksFreq_Value,LSE_VALUE,LSI_VALUE,PLLCLKFreq_Value,PLLQCLKFreq_Value,RTCFreq_Value,RTCHSEDivFreq_Value,SYSCLKFreq_VALUE,VCOI2SOutputFreq_Value,VCOInputFreq_Value,VCOOutputFreq_Value,VcooutputI2S
RCC.LSE_VALUE=32768
RCC.LSI_VALUE=32000
RCC.PLLCLKFreq_Value=96000000
RCC.PLLQCLKFreq_Value=48000000
RCC.RTCFreq_Value=32000
RCC.RTCHSEDivFreq_Value=12500000
RCC.SYSCLKFreq_VALUE=16000000
RCC.VCOI2SOutputFreq_Value=192000000
RCC.VCOInputFreq_Value=1000000
RCC.VCOOutputFreq_Value=192000000
RCC.VcooutputI2S=96000000
SPI1.CalculateBaudRate=8.0 MBits/s
SPI1.IPParameters=Mode,CalculateBaudRate
SPI1.Mode=SPI_MODE_MASTER
VP_SYS_VS_Systick.Mode=SysTick
VP_SYS_VS_Systick.Signal=SYS_VS_Systick
